{
  "lockfile_version": "1",
  "packages": {
    "binutils@latest": {
      "last_modified": "2024-05-22T06:18:38Z",
      "resolved": "github:NixOS/nixpkgs/3f316d2a50699a78afe5e77ca486ad553169061e#binutils",
      "source": "devbox-search",
      "version": "2.41"
    },
    "jdk@21.0.2": {
      "last_modified": "2024-05-22T06:18:38Z",
      "resolved": "github:NixOS/nixpkgs/3f316d2a50699a78afe5e77ca486ad553169061e#jdk",
      "source": "devbox-search",
      "version": "21.0.2"
    },
    "maven@latest": {
      "last_modified": "2024-05-22T06:18:38Z",
      "resolved": "github:NixOS/nixpkgs/3f316d2a50699a78afe5e77ca486ad553169061e#maven",
      "source": "devbox-search",
      "version": "3.9.6"
    }
  }
}
